
Microsoft Visual Studio Solution File, Format Version 12.00
# Visual Studio 2012
Project("{FAE04EC0-301F-11D3-BF4B-00C04F79EFBC}") = "UI", "UI\UI.csproj", "{10BA82CE-5E20-4F34-BBBE-FAEA955080E6}"
EndProject
Project("{FAE04EC0-301F-11D3-BF4B-00C04F79EFBC}") = "Model", "Model\Model.csproj", "{59D71E42-C2CD-4F9B-B0F3-7608FCB397D3}"
EndProject
Project("{FAE04EC0-301F-11D3-BF4B-00C04F79EFBC}") = "Control", "Control\Control.csproj", "{342FEF77-7C71-4E09-ABBF-C184D26C614B}"
EndProject
Project("{FAE04EC0-301F-11D3-BF4B-00C04F79EFBC}") = "Server", "Server\Server.csproj", "{20522B45-9F44-414E-8AA7-67C9FF988D50}"
EndProject
Project("{FAE04EC0-301F-11D3-BF4B-00C04F79EFBC}") = "Register", "Register\Register.csproj", "{DBEEBBD0-6378-4397-AE23-06D5257E5929}"
EndProject
Global
	GlobalSection(SolutionConfigurationPlatforms) = preSolution
		CD_ROM|Any CPU = CD_ROM|Any CPU
		Debug|Any CPU = Debug|Any CPU
		DVD-5|Any CPU = DVD-5|Any CPU
		Release|Any CPU = Release|Any CPU
		SingleImage|Any CPU = SingleImage|Any CPU
	EndGlobalSection
	GlobalSection(ProjectConfigurationPlatforms) = postSolution
		{10BA82CE-5E20-4F34-BBBE-FAEA955080E6}.CD_ROM|Any CPU.ActiveCfg = Release|Any CPU
		{10BA82CE-5E20-4F34-BBBE-FAEA955080E6}.CD_ROM|Any CPU.Build.0 = Release|Any CPU
		{10BA82CE-5E20-4F34-BBBE-FAEA955080E6}.Debug|Any CPU.ActiveCfg = Debug|Any CPU
		{10BA82CE-5E20-4F34-BBBE-FAEA955080E6}.Debug|Any CPU.Build.0 = Debug|Any CPU
		{10BA82CE-5E20-4F34-BBBE-FAEA955080E6}.DVD-5|Any CPU.ActiveCfg = Debug|Any CPU
		{10BA82CE-5E20-4F34-BBBE-FAEA955080E6}.DVD-5|Any CPU.Build.0 = Debug|Any CPU
		{10BA82CE-5E20-4F34-BBBE-FAEA955080E6}.Release|Any CPU.ActiveCfg = Release|Any CPU
		{10BA82CE-5E20-4F34-BBBE-FAEA955080E6}.Release|Any CPU.Build.0 = Release|Any CPU
		{10BA82CE-5E20-4F34-BBBE-FAEA955080E6}.SingleImage|Any CPU.ActiveCfg = Release|Any CPU
		{10BA82CE-5E20-4F34-BBBE-FAEA955080E6}.SingleImage|Any CPU.Build.0 = Release|Any CPU
		{59D71E42-C2CD-4F9B-B0F3-7608FCB397D3}.CD_ROM|Any CPU.ActiveCfg = Release|Any CPU
		{59D71E42-C2CD-4F9B-B0F3-7608FCB397D3}.CD_ROM|Any CPU.Build.0 = Release|Any CPU
		{59D71E42-C2CD-4F9B-B0F3-7608FCB397D3}.Debug|Any CPU.ActiveCfg = Debug|Any CPU
		{59D71E42-C2CD-4F9B-B0F3-7608FCB397D3}.Debug|Any CPU.Build.0 = Debug|Any CPU
		{59D71E42-C2CD-4F9B-B0F3-7608FCB397D3}.DVD-5|Any CPU.ActiveCfg = Debug|Any CPU
		{59D71E42-C2CD-4F9B-B0F3-7608FCB397D3}.DVD-5|Any CPU.Build.0 = Debug|Any CPU
		{59D71E42-C2CD-4F9B-B0F3-7608FCB397D3}.Release|Any CPU.ActiveCfg = Release|Any CPU
		{59D71E42-C2CD-4F9B-B0F3-7608FCB397D3}.Release|Any CPU.Build.0 = Release|Any CPU
		{59D71E42-C2CD-4F9B-B0F3-7608FCB397D3}.SingleImage|Any CPU.ActiveCfg = Release|Any CPU
		{59D71E42-C2CD-4F9B-B0F3-7608FCB397D3}.SingleImage|Any CPU.Build.0 = Release|Any CPU
		{342FEF77-7C71-4E09-ABBF-C184D26C614B}.CD_ROM|Any CPU.ActiveCfg = Release|Any CPU
		{342FEF77-7C71-4E09-ABBF-C184D26C614B}.CD_ROM|Any CPU.Build.0 = Release|Any CPU
		{342FEF77-7C71-4E09-ABBF-C184D26C614B}.Debug|Any CPU.ActiveCfg = Debug|Any CPU
		{342FEF77-7C71-4E09-ABBF-C184D26C614B}.Debug|Any CPU.Build.0 = Debug|Any CPU
		{342FEF77-7C71-4E09-ABBF-C184D26C614B}.DVD-5|Any CPU.ActiveCfg = Debug|Any CPU
		{342FEF77-7C71-4E09-ABBF-C184D26C614B}.DVD-5|Any CPU.Build.0 = Debug|Any CPU
		{342FEF77-7C71-4E09-ABBF-C184D26C614B}.Release|Any CPU.ActiveCfg = Release|Any CPU
		{342FEF77-7C71-4E09-ABBF-C184D26C614B}.Release|Any CPU.Build.0 = Release|Any CPU
		{342FEF77-7C71-4E09-ABBF-C184D26C614B}.SingleImage|Any CPU.ActiveCfg = Release|Any CPU
		{342FEF77-7C71-4E09-ABBF-C184D26C614B}.SingleImage|Any CPU.Build.0 = Release|Any CPU
		{20522B45-9F44-414E-8AA7-67C9FF988D50}.CD_ROM|Any CPU.ActiveCfg = Release|Any CPU
		{20522B45-9F44-414E-8AA7-67C9FF988D50}.CD_ROM|Any CPU.Build.0 = Release|Any CPU
		{20522B45-9F44-414E-8AA7-67C9FF988D50}.Debug|Any CPU.ActiveCfg = Debug|Any CPU
		{20522B45-9F44-414E-8AA7-67C9FF988D50}.Debug|Any CPU.Build.0 = Debug|Any CPU
		{20522B45-9F44-414E-8AA7-67C9FF988D50}.DVD-5|Any CPU.ActiveCfg = Debug|Any CPU
		{20522B45-9F44-414E-8AA7-67C9FF988D50}.DVD-5|Any CPU.Build.0 = Debug|Any CPU
		{20522B45-9F44-414E-8AA7-67C9FF988D50}.Release|Any CPU.ActiveCfg = Release|Any CPU
		{20522B45-9F44-414E-8AA7-67C9FF988D50}.Release|Any CPU.Build.0 = Release|Any CPU
		{20522B45-9F44-414E-8AA7-67C9FF988D50}.SingleImage|Any CPU.ActiveCfg = Release|Any CPU
		{20522B45-9F44-414E-8AA7-67C9FF988D50}.SingleImage|Any CPU.Build.0 = Release|Any CPU
		{DBEEBBD0-6378-4397-AE23-06D5257E5929}.CD_ROM|Any CPU.ActiveCfg = Release|Any CPU
		{DBEEBBD0-6378-4397-AE23-06D5257E5929}.CD_ROM|Any CPU.Build.0 = Release|Any CPU
		{DBEEBBD0-6378-4397-AE23-06D5257E5929}.Debug|Any CPU.ActiveCfg = Debug|Any CPU
		{DBEEBBD0-6378-4397-AE23-06D5257E5929}.Debug|Any CPU.Build.0 = Debug|Any CPU
		{DBEEBBD0-6378-4397-AE23-06D5257E5929}.DVD-5|Any CPU.ActiveCfg = Debug|Any CPU
		{DBEEBBD0-6378-4397-AE23-06D5257E5929}.DVD-5|Any CPU.Build.0 = Debug|Any CPU
		{DBEEBBD0-6378-4397-AE23-06D5257E5929}.Release|Any CPU.ActiveCfg = Release|Any CPU
		{DBEEBBD0-6378-4397-AE23-06D5257E5929}.Release|Any CPU.Build.0 = Release|Any CPU
		{DBEEBBD0-6378-4397-AE23-06D5257E5929}.SingleImage|Any CPU.ActiveCfg = Release|Any CPU
		{DBEEBBD0-6378-4397-AE23-06D5257E5929}.SingleImage|Any CPU.Build.0 = Release|Any CPU
	EndGlobalSection
	GlobalSection(SolutionProperties) = preSolution
		HideSolutionNode = FALSE
	EndGlobalSection
EndGlobal
